<Solution>
  <Project Path="CryptoSoft/CryptoSoft.csproj" Id="dcd1171f-b9db-4b2d-b784-d0ab0119f05d" />
  <Project Path="EasyLog/EasyLog.csproj" />
  <Project Path="EasySave.Console/EasySave.Console.csproj" Id="282111b4-331a-42da-9207-31456aabdf6e" />
  <Project Path="EasySave.Core/EasySave.Core.csproj" Id="580b2c16-1541-42ab-b61f-bdaeda23bf4f" />
  <Project Path="EasySave.WPF/EasySave.WPF.csproj" Id="de6bbc86-43d8-4495-9c96-40fedd5cda54" />
</Solution>
