
Microsoft Visual Studio Solution File, Format Version 12.00
# Visual Studio Version 17
VisualStudioVersion = 17.10.35122.118
MinimumVisualStudioVersion = 10.0.40219.1
Project("{FAE04EC0-301F-11D3-BF4B-00C04F79EFBC}") = "EasySave", "EasySave\EasySave.csproj", "{A45C590C-6F65-47B0-9508-3DF969072521}"
EndProject
Project("{FAE04EC0-301F-11D3-BF4B-00C04F79EFBC}") = "EasyLog", "EasyLog\EasyLog.csproj", "{B9528EF6-C02C-4E41-9C35-4654CE7CD113}"
EndProject
Global
	GlobalSection(SolutionConfigurationPlatforms) = preSolution
		Debug|Any CPU = Debug|Any CPU
		Release|Any CPU = Release|Any CPU
	EndGlobalSection
	GlobalSection(ProjectConfigurationPlatforms) = postSolution
		{A45C590C-6F65-47B0-9508-3DF969072521}.Debug|Any CPU.ActiveCfg = Debug|Any CPU
		{A45C590C-6F65-47B0-9508-3DF969072521}.Debug|Any CPU.Build.0 = Debug|Any CPU
		{A45C590C-6F65-47B0-9508-3DF969072521}.Release|Any CPU.ActiveCfg = Release|Any CPU
		{A45C590C-6F65-47B0-9508-3DF969072521}.Release|Any CPU.Build.0 = Release|Any CPU
		{B9528EF6-C02C-4E41-9C35-4654CE7CD113}.Debug|Any CPU.ActiveCfg = Debug|Any CPU
		{B9528EF6-C02C-4E41-9C35-4654CE7CD113}.Debug|Any CPU.Build.0 = Debug|Any CPU
		{B9528EF6-C02C-4E41-9C35-4654CE7CD113}.Release|Any CPU.ActiveCfg = Release|Any CPU
		{B9528EF6-C02C-4E41-9C35-4654CE7CD113}.Release|Any CPU.Build.0 = Release|Any CPU
	EndGlobalSection
	GlobalSection(SolutionProperties) = preSolution
		HideSolutionNode = FALSE
	EndGlobalSection
	GlobalSection(ExtensibilityGlobals) = postSolution
		SolutionGuid = {25C4F4C8-D32E-4533-8068-E60FBF540616}
	EndGlobalSection
EndGlobal
